
Microsoft Visual Studio Solution File, Format Version 12.00
# Visual Studio 15
VisualStudioVersion = 15.0.27130.2010
MinimumVisualStudioVersion = 10.0.40219.1
Project("{FAE04EC0-301F-11D3-BF4B-00C04F79EFBC}") = "ParseService", "ParseService\ParseService.csproj", "{03E779E0-8C1C-46B2-9931-E73AAD26F612}"
EndProject
Global
	GlobalSection(SolutionConfigurationPlatforms) = preSolution
		Debug|Any CPU = Debug|Any CPU
		Release|Any CPU = Release|Any CPU
	EndGlobalSection
	GlobalSection(ProjectConfigurationPlatforms) = postSolution
		{03E779E0-8C1C-46B2-9931-E73AAD26F612}.Debug|Any CPU.ActiveCfg = Debug|Any CPU
		{03E779E0-8C1C-46B2-9931-E73AAD26F612}.Debug|Any CPU.Build.0 = Debug|Any CPU
		{03E779E0-8C1C-46B2-9931-E73AAD26F612}.Release|Any CPU.ActiveCfg = Release|Any CPU
		{03E779E0-8C1C-46B2-9931-E73AAD26F612}.Release|Any CPU.Build.0 = Release|Any CPU
	EndGlobalSection
	GlobalSection(SolutionProperties) = preSolution
		HideSolutionNode = FALSE
	EndGlobalSection
	GlobalSection(ExtensibilityGlobals) = postSolution
		SolutionGuid = {D5AF562C-06C4-4A91-98F9-E5E0A14C3B36}
	EndGlobalSection
EndGlobal
